
Microsoft Visual Studio Solution File, Format Version 12.00
Project("{FAE04EC0-301F-11D3-BF4B-00C04F79EFBC}") = "Game", "Game\Game.csproj", "{C5CCA219-C247-468E-AC3F-5CE1188C90E0}"
EndProject
Project("{FAE04EC0-301F-11D3-BF4B-00C04F79EFBC}") = "Controller", "Controller\Controller.csproj", "{2F5FC967-31E7-4CCC-A492-36E03F65DEDB}"
EndProject
Global
	GlobalSection(SolutionConfigurationPlatforms) = preSolution
		Debug|Any CPU = Debug|Any CPU
		Release|Any CPU = Release|Any CPU
	EndGlobalSection
	GlobalSection(ProjectConfigurationPlatforms) = postSolution
		{C5CCA219-C247-468E-AC3F-5CE1188C90E0}.Debug|Any CPU.ActiveCfg = Debug|Any CPU
		{C5CCA219-C247-468E-AC3F-5CE1188C90E0}.Debug|Any CPU.Build.0 = Debug|Any CPU
		{C5CCA219-C247-468E-AC3F-5CE1188C90E0}.Release|Any CPU.ActiveCfg = Release|Any CPU
		{C5CCA219-C247-468E-AC3F-5CE1188C90E0}.Release|Any CPU.Build.0 = Release|Any CPU
		{2F5FC967-31E7-4CCC-A492-36E03F65DEDB}.Debug|Any CPU.ActiveCfg = Debug|Any CPU
		{2F5FC967-31E7-4CCC-A492-36E03F65DEDB}.Debug|Any CPU.Build.0 = Debug|Any CPU
		{2F5FC967-31E7-4CCC-A492-36E03F65DEDB}.Release|Any CPU.ActiveCfg = Release|Any CPU
		{2F5FC967-31E7-4CCC-A492-36E03F65DEDB}.Release|Any CPU.Build.0 = Release|Any CPU
	EndGlobalSection
EndGlobal
