
Microsoft Visual Studio Solution File, Format Version 12.00
Project("{FAE04EC0-301F-11D3-BF4B-00C04F79EFBC}") = "Game", "Game\Game.csproj", "{C5CCA219-C247-468E-AC3F-5CE1188C90E0}"
EndProject
Project("{FAE04EC0-301F-11D3-BF4B-00C04F79EFBC}") = "Controller", "Controller\Controller.csproj", "{2F5FC967-31E7-4CCC-A492-36E03F65DEDB}"
EndProject
Project("{2150E333-8FDC-42A3-9474-1A3956D46DE8}") = "Aspire", "Aspire", "{82C8F39D-E5D0-4020-9C70-A356729484F3}"
EndProject
Project("{FAE04EC0-301F-11D3-BF4B-00C04F79EFBC}") = "ServiceDefaults", "ServiceDefaults\ServiceDefaults.csproj", "{E15F497B-0A71-4D90-998A-2CA367CDD5B5}"
EndProject
Project("{FAE04EC0-301F-11D3-BF4B-00C04F79EFBC}") = "AppHost", "AppHost\AppHost.csproj", "{DA39CAC4-7B7E-4C82-A50A-ADF89C1A4507}"
EndProject
Project("{FAE04EC0-301F-11D3-BF4B-00C04F79EFBC}") = "Shared", "Shared\Shared.csproj", "{0452644B-B57A-4F05-9E3D-DC93C126C12B}"
EndProject
Project("{2150E333-8FDC-42A3-9474-1A3956D46DE8}") = ".configs", ".configs", "{78EEDE03-E436-47DF-8524-01CABAF4C2CC}"
	ProjectSection(SolutionItems) = preProject
		.gitignore = .gitignore
	EndProjectSection
EndProject
Global
	GlobalSection(SolutionConfigurationPlatforms) = preSolution
		Debug|Any CPU = Debug|Any CPU
		Release|Any CPU = Release|Any CPU
	EndGlobalSection
	GlobalSection(ProjectConfigurationPlatforms) = postSolution
		{C5CCA219-C247-468E-AC3F-5CE1188C90E0}.Debug|Any CPU.ActiveCfg = Debug|Any CPU
		{C5CCA219-C247-468E-AC3F-5CE1188C90E0}.Debug|Any CPU.Build.0 = Debug|Any CPU
		{C5CCA219-C247-468E-AC3F-5CE1188C90E0}.Release|Any CPU.ActiveCfg = Release|Any CPU
		{C5CCA219-C247-468E-AC3F-5CE1188C90E0}.Release|Any CPU.Build.0 = Release|Any CPU
		{2F5FC967-31E7-4CCC-A492-36E03F65DEDB}.Debug|Any CPU.ActiveCfg = Debug|Any CPU
		{2F5FC967-31E7-4CCC-A492-36E03F65DEDB}.Debug|Any CPU.Build.0 = Debug|Any CPU
		{2F5FC967-31E7-4CCC-A492-36E03F65DEDB}.Release|Any CPU.ActiveCfg = Release|Any CPU
		{2F5FC967-31E7-4CCC-A492-36E03F65DEDB}.Release|Any CPU.Build.0 = Release|Any CPU
		{E15F497B-0A71-4D90-998A-2CA367CDD5B5}.Debug|Any CPU.ActiveCfg = Debug|Any CPU
		{E15F497B-0A71-4D90-998A-2CA367CDD5B5}.Debug|Any CPU.Build.0 = Debug|Any CPU
		{E15F497B-0A71-4D90-998A-2CA367CDD5B5}.Release|Any CPU.ActiveCfg = Release|Any CPU
		{E15F497B-0A71-4D90-998A-2CA367CDD5B5}.Release|Any CPU.Build.0 = Release|Any CPU
		{DA39CAC4-7B7E-4C82-A50A-ADF89C1A4507}.Debug|Any CPU.ActiveCfg = Debug|Any CPU
		{DA39CAC4-7B7E-4C82-A50A-ADF89C1A4507}.Debug|Any CPU.Build.0 = Debug|Any CPU
		{DA39CAC4-7B7E-4C82-A50A-ADF89C1A4507}.Release|Any CPU.ActiveCfg = Release|Any CPU
		{DA39CAC4-7B7E-4C82-A50A-ADF89C1A4507}.Release|Any CPU.Build.0 = Release|Any CPU
		{0452644B-B57A-4F05-9E3D-DC93C126C12B}.Debug|Any CPU.ActiveCfg = Debug|Any CPU
		{0452644B-B57A-4F05-9E3D-DC93C126C12B}.Debug|Any CPU.Build.0 = Debug|Any CPU
		{0452644B-B57A-4F05-9E3D-DC93C126C12B}.Release|Any CPU.ActiveCfg = Release|Any CPU
		{0452644B-B57A-4F05-9E3D-DC93C126C12B}.Release|Any CPU.Build.0 = Release|Any CPU
	EndGlobalSection
	GlobalSection(NestedProjects) = preSolution
		{E15F497B-0A71-4D90-998A-2CA367CDD5B5} = {82C8F39D-E5D0-4020-9C70-A356729484F3}
		{DA39CAC4-7B7E-4C82-A50A-ADF89C1A4507} = {82C8F39D-E5D0-4020-9C70-A356729484F3}
	EndGlobalSection
EndGlobal
