<Solution>
  <Project Path="Backend/Backend.csproj" />
  <Project Path="Backend.Tests/Backend.Tests.csproj" />
  <Project Path="Player.E2E.Tests/Player.E2E.Tests.csproj" />
  <Project Path="Core/Core.csproj" />
  <Project Path="Infrastructure.FileSystem/Infrastructure.FileSystem.csproj" />
  <Project Path="Infrastructure.Network/Infrastructure.Network.csproj" />
</Solution>
